# This file is @generated by PDM.
# It is not intended for manual editing.

[metadata]
groups = ["default"]
cross_platform = true
static_urls = false
lock_version = "4.3"
content_hash = "sha256:d53c99d09839e06111f2ce88f8505250d78b4d75387889d00b6cc85dee672303"

[[package]]
name = "dday"
version = "1.0.1"
requires_python = ">=3.8"
summary = "Showing how many days are remaining till project d-day."
files = [
    {file = "dday-1.0.1-py3-none-any.whl", hash = "sha256:095aaae55727d7720d09f79190b8cfc48db5236bd8c4a5a4b59ad232ddec9171"},
    {file = "dday-1.0.1.tar.gz", hash = "sha256:9ea61410e3a89b65a17d0547092a85f0b290d47715d6e63180569baf91bc6d9b"},
]
